
Microsoft Visual Studio Solution File, Format Version 12.00
# Visual Studio Version 17
VisualStudioVersion = 17.14.36603.0 d17.14
MinimumVisualStudioVersion = 10.0.40219.1
Project("{FAE04EC0-301F-11D3-BF4B-00C04F79EFBC}") = "Teste3_Alura", "Teste3_Alura\Teste3_Alura.csproj", "{8E12B41B-8D6A-4803-BB03-0824B265B4FE}"
EndProject
Global
	GlobalSection(SolutionConfigurationPlatforms) = preSolution
		Debug|Any CPU = Debug|Any CPU
		Release|Any CPU = Release|Any CPU
	EndGlobalSection
	GlobalSection(ProjectConfigurationPlatforms) = postSolution
		{8E12B41B-8D6A-4803-BB03-0824B265B4FE}.Debug|Any CPU.ActiveCfg = Debug|Any CPU
		{8E12B41B-8D6A-4803-BB03-0824B265B4FE}.Debug|Any CPU.Build.0 = Debug|Any CPU
		{8E12B41B-8D6A-4803-BB03-0824B265B4FE}.Release|Any CPU.ActiveCfg = Release|Any CPU
		{8E12B41B-8D6A-4803-BB03-0824B265B4FE}.Release|Any CPU.Build.0 = Release|Any CPU
	EndGlobalSection
	GlobalSection(SolutionProperties) = preSolution
		HideSolutionNode = FALSE
	EndGlobalSection
	GlobalSection(ExtensibilityGlobals) = postSolution
		SolutionGuid = {6E01476D-2F1C-4C8A-96A9-DBAC417E7337}
	EndGlobalSection
EndGlobal
